
Microsoft Visual Studio Solution File, Format Version 12.00
# Visual Studio Version 17
VisualStudioVersion = 17.14.37411.7 d17.14
MinimumVisualStudioVersion = 10.0.40219.1
Project("{FAE04EC0-301F-11D3-BF4B-00C04F79EFBC}") = "PixelRecolor.Core", "PixelRecolor.Core\PixelRecolor.Core.csproj", "{BA836FDA-4267-4992-8A39-808C70400CE3}"
EndProject
Project("{FAE04EC0-301F-11D3-BF4B-00C04F79EFBC}") = "PixelRecolor.Wpf", "PixelRecolor.Wpf\PixelRecolor.Wpf.csproj", "{830BFA3C-CE67-44B2-AC7C-541B18B3D146}"
EndProject
Project("{FAE04EC0-301F-11D3-BF4B-00C04F79EFBC}") = "PixelRecolor.MonoGame", "PixelRecolor.MonoGame\PixelRecolor.MonoGame.csproj", "{980B9A43-5544-4F97-9C73-AD731F643C27}"
EndProject
Global
	GlobalSection(SolutionConfigurationPlatforms) = preSolution
		Debug|Any CPU = Debug|Any CPU
		Release|Any CPU = Release|Any CPU
	EndGlobalSection
	GlobalSection(ProjectConfigurationPlatforms) = postSolution
		{BA836FDA-4267-4992-8A39-808C70400CE3}.Debug|Any CPU.ActiveCfg = Debug|Any CPU
		{BA836FDA-4267-4992-8A39-808C70400CE3}.Debug|Any CPU.Build.0 = Debug|Any CPU
		{BA836FDA-4267-4992-8A39-808C70400CE3}.Release|Any CPU.ActiveCfg = Release|Any CPU
		{BA836FDA-4267-4992-8A39-808C70400CE3}.Release|Any CPU.Build.0 = Release|Any CPU
		{830BFA3C-CE67-44B2-AC7C-541B18B3D146}.Debug|Any CPU.ActiveCfg = Debug|Any CPU
		{830BFA3C-CE67-44B2-AC7C-541B18B3D146}.Debug|Any CPU.Build.0 = Debug|Any CPU
		{830BFA3C-CE67-44B2-AC7C-541B18B3D146}.Release|Any CPU.ActiveCfg = Release|Any CPU
		{830BFA3C-CE67-44B2-AC7C-541B18B3D146}.Release|Any CPU.Build.0 = Release|Any CPU
		{980B9A43-5544-4F97-9C73-AD731F643C27}.Debug|Any CPU.ActiveCfg = Debug|Any CPU
		{980B9A43-5544-4F97-9C73-AD731F643C27}.Debug|Any CPU.Build.0 = Debug|Any CPU
		{980B9A43-5544-4F97-9C73-AD731F643C27}.Release|Any CPU.ActiveCfg = Release|Any CPU
		{980B9A43-5544-4F97-9C73-AD731F643C27}.Release|Any CPU.Build.0 = Release|Any CPU
	EndGlobalSection
	GlobalSection(SolutionProperties) = preSolution
		HideSolutionNode = FALSE
	EndGlobalSection
	GlobalSection(ExtensibilityGlobals) = postSolution
		SolutionGuid = {AD457FA9-93E3-4D73-B77F-CDD785FB613A}
	EndGlobalSection
EndGlobal
